{
  "originHash" : "0a9a0565c23645eacdcd0d177a036429567ab510b257a7f2538ea8bb318bf8d2",
  "pins" : [
    {
      "identity" : "alamofire",
      "kind" : "remoteSourceControl",
      "location" : "https://github.com/Alamofire/Alamofire.git",
      "state" : {
        "revision" : "f455c2975872ccd2d9c81594c658af65716e9b9a",
        "version" : "5.9.1"
      }
    },
    {
      "identity" : "kakao-ios-sdk",
      "kind" : "remoteSourceControl",
      "location" : "https://github.com/kakao/kakao-ios-sdk",
      "state" : {
        "branch" : "master",
        "revision" : "5fcd519edd8ecfa134017fff90cf0d30e0a90919"
      }
    }
  ],
  "version" : 3
}
