// !$*UTF8*$!
{
	archiveVersion = 1;
	classes = {
	};
	objectVersion = 56;
	objects = {

/* Begin PBXBuildFile section */
		A25C92FC2CB7E2E80015C068 /* AddCertificationView.swift in Sources */ = {isa = PBXBuildFile; fileRef = A25C92FB2CB7E2E80015C068 /* AddCertificationView.swift */; };
		A25F24AD2CBE701900908411 /* KakaoSDK in Frameworks */ = {isa = PBXBuildFile; productRef = A25F24AC2CBE701900908411 /* KakaoSDK */; };
		A25F24AF2CBE701900908411 /* KakaoSDKAuth in Frameworks */ = {isa = PBXBuildFile; productRef = A25F24AE2CBE701900908411 /* KakaoSDKAuth */; };
		A25F24B12CBE701900908411 /* KakaoSDKCert in Frameworks */ = {isa = PBXBuildFile; productRef = A25F24B02CBE701900908411 /* KakaoSDKCert */; };
		A25F24B32CBE701900908411 /* KakaoSDKCertCore in Frameworks */ = {isa = PBXBuildFile; productRef = A25F24B22CBE701900908411 /* KakaoSDKCertCore */; };
		A25F24B52CBE701900908411 /* KakaoSDKCommon in Frameworks */ = {isa = PBXBuildFile; productRef = A25F24B42CBE701900908411 /* KakaoSDKCommon */; };
		A25F24B72CBE701900908411 /* KakaoSDKFriend in Frameworks */ = {isa = PBXBuildFile; productRef = A25F24B62CBE701900908411 /* KakaoSDKFriend */; };
		A25F24B92CBE701900908411 /* KakaoSDKFriendCore in Frameworks */ = {isa = PBXBuildFile; productRef = A25F24B82CBE701900908411 /* KakaoSDKFriendCore */; };
		A25F24BB2CBE701900908411 /* KakaoSDKNavi in Frameworks */ = {isa = PBXBuildFile; productRef = A25F24BA2CBE701900908411 /* KakaoSDKNavi */; };
		A25F24BD2CBE701900908411 /* KakaoSDKShare in Frameworks */ = {isa = PBXBuildFile; productRef = A25F24BC2CBE701900908411 /* KakaoSDKShare */; };
		A25F24BF2CBE701900908411 /* KakaoSDKTalk in Frameworks */ = {isa = PBXBuildFile; productRef = A25F24BE2CBE701900908411 /* KakaoSDKTalk */; };
		A25F24C12CBE701900908411 /* KakaoSDKTemplate in Frameworks */ = {isa = PBXBuildFile; productRef = A25F24C02CBE701900908411 /* KakaoSDKTemplate */; };
		A25F24C32CBE701900908411 /* KakaoSDKUser in Frameworks */ = {isa = PBXBuildFile; productRef = A25F24C22CBE701900908411 /* KakaoSDKUser */; };
		A25F24C52CBE704500908411 /* KakaoSDKFriendResources.bundle in Resources */ = {isa = PBXBuildFile; fileRef = A25F24C42CBE704500908411 /* KakaoSDKFriendResources.bundle */; };
		A25F24C72CC14DB300908411 /* CreateWalletView.swift in Sources */ = {isa = PBXBuildFile; fileRef = A25F24C62CC14DB300908411 /* CreateWalletView.swift */; };
		A25F24C92CC162E000908411 /* GenerateKeyPair.swift in Sources */ = {isa = PBXBuildFile; fileRef = A25F24C82CC162E000908411 /* GenerateKeyPair.swift */; };
		A25F24CB2CC37D0000908411 /* AddCertificateModalView.swift in Sources */ = {isa = PBXBuildFile; fileRef = A25F24CA2CC37D0000908411 /* AddCertificateModalView.swift */; };
		A25F24CD2CC39E3F00908411 /* CheckCodeView.swift in Sources */ = {isa = PBXBuildFile; fileRef = A25F24CC2CC39E3F00908411 /* CheckCodeView.swift */; };
		A25F24D22CC4BB8300908411 /* GetUniversityView.swift in Sources */ = {isa = PBXBuildFile; fileRef = A25F24D12CC4BB8300908411 /* GetUniversityView.swift */; };
		A25F24D42CC4E46800908411 /* CertificationModel.swift in Sources */ = {isa = PBXBuildFile; fileRef = A25F24D32CC4E46800908411 /* CertificationModel.swift */; };
		A25F24D62CC514F900908411 /* VerifyUniversityView.swift in Sources */ = {isa = PBXBuildFile; fileRef = A25F24D52CC514F900908411 /* VerifyUniversityView.swift */; };
		A27AE2A12CB3B8ED005F9A31 /* LockByCodeView.swift in Sources */ = {isa = PBXBuildFile; fileRef = A27AE2A02CB3B8ED005F9A31 /* LockByCodeView.swift */; };
		A27AE2A32CB4F9B0005F9A31 /* LockByBioView.swift in Sources */ = {isa = PBXBuildFile; fileRef = A27AE2A22CB4F9B0005F9A31 /* LockByBioView.swift */; };
		A27B12C12CA94BDB004AAF23 /* WalletApp.swift in Sources */ = {isa = PBXBuildFile; fileRef = A27B12C02CA94BDB004AAF23 /* WalletApp.swift */; };
		A27B12C32CA94BDB004AAF23 /* ContentView.swift in Sources */ = {isa = PBXBuildFile; fileRef = A27B12C22CA94BDB004AAF23 /* ContentView.swift */; };
		A27B12C52CA94BDC004AAF23 /* Assets.xcassets in Resources */ = {isa = PBXBuildFile; fileRef = A27B12C42CA94BDC004AAF23 /* Assets.xcassets */; };
		A27B12C82CA94BDC004AAF23 /* Preview Assets.xcassets in Resources */ = {isa = PBXBuildFile; fileRef = A27B12C72CA94BDC004AAF23 /* Preview Assets.xcassets */; };
		A27B12D22CA94BDC004AAF23 /* WalletTests.swift in Sources */ = {isa = PBXBuildFile; fileRef = A27B12D12CA94BDC004AAF23 /* WalletTests.swift */; };
		A27B12DC2CA94BDC004AAF23 /* WalletUITests.swift in Sources */ = {isa = PBXBuildFile; fileRef = A27B12DB2CA94BDC004AAF23 /* WalletUITests.swift */; };
		A27B12DE2CA94BDC004AAF23 /* WalletUITestsLaunchTests.swift in Sources */ = {isa = PBXBuildFile; fileRef = A27B12DD2CA94BDC004AAF23 /* WalletUITestsLaunchTests.swift */; };
		A27B12EB2CA95265004AAF23 /* OnboardingView.swift in Sources */ = {isa = PBXBuildFile; fileRef = A27B12EA2CA95265004AAF23 /* OnboardingView.swift */; };
		A27B12F82CA9C696004AAF23 /* KnuTruth.otf in Resources */ = {isa = PBXBuildFile; fileRef = A27B12F72CA9C696004AAF23 /* KnuTruth.otf */; };
		A27B12F92CA9C696004AAF23 /* KnuTruth.otf in Resources */ = {isa = PBXBuildFile; fileRef = A27B12F72CA9C696004AAF23 /* KnuTruth.otf */; };
		A27B12FA2CA9C696004AAF23 /* KnuTruth.otf in Resources */ = {isa = PBXBuildFile; fileRef = A27B12F72CA9C696004AAF23 /* KnuTruth.otf */; };
		A27B13092CB0E721004AAF23 /* HistoryListView.swift in Sources */ = {isa = PBXBuildFile; fileRef = A27B13082CB0E721004AAF23 /* HistoryListView.swift */; };
		A27B130A2CB0E721004AAF23 /* HistoryListView.swift in Sources */ = {isa = PBXBuildFile; fileRef = A27B13082CB0E721004AAF23 /* HistoryListView.swift */; };
		A27B130B2CB0E721004AAF23 /* HistoryListView.swift in Sources */ = {isa = PBXBuildFile; fileRef = A27B13082CB0E721004AAF23 /* HistoryListView.swift */; };
/* End PBXBuildFile section */

/* Begin PBXContainerItemProxy section */
		A27B12CE2CA94BDC004AAF23 /* PBXContainerItemProxy */ = {
			isa = PBXContainerItemProxy;
			containerPortal = A27B12B52CA94BDB004AAF23 /* Project object */;
			proxyType = 1;
			remoteGlobalIDString = A27B12BC2CA94BDB004AAF23;
			remoteInfo = Wallet;
		};
		A27B12D82CA94BDC004AAF23 /* PBXContainerItemProxy */ = {
			isa = PBXContainerItemProxy;
			containerPortal = A27B12B52CA94BDB004AAF23 /* Project object */;
			proxyType = 1;
			remoteGlobalIDString = A27B12BC2CA94BDB004AAF23;
			remoteInfo = Wallet;
		};
/* End PBXContainerItemProxy section */

/* Begin PBXFileReference section */
		A25C92FB2CB7E2E80015C068 /* AddCertificationView.swift */ = {isa = PBXFileReference; lastKnownFileType = sourcecode.swift; path = AddCertificationView.swift; sourceTree = "<group>"; };
		A25F24C42CBE704500908411 /* KakaoSDKFriendResources.bundle */ = {isa = PBXFileReference; lastKnownFileType = "wrapper.plug-in"; name = KakaoSDKFriendResources.bundle; path = "../../../../Library/Developer/Xcode/DerivedData/Wallet-fvsvhaaqqzrubtbjvgzidkaovghx/SourcePackages/checkouts/kakao-ios-sdk/Sources/KakaoSDKFriendCore/KakaoSDKFriendResources.bundle"; sourceTree = "<group>"; };
		A25F24C62CC14DB300908411 /* CreateWalletView.swift */ = {isa = PBXFileReference; lastKnownFileType = sourcecode.swift; path = CreateWalletView.swift; sourceTree = "<group>"; };
		A25F24C82CC162E000908411 /* GenerateKeyPair.swift */ = {isa = PBXFileReference; lastKnownFileType = sourcecode.swift; path = GenerateKeyPair.swift; sourceTree = "<group>"; };
		A25F24CA2CC37D0000908411 /* AddCertificateModalView.swift */ = {isa = PBXFileReference; lastKnownFileType = sourcecode.swift; path = AddCertificateModalView.swift; sourceTree = "<group>"; };
		A25F24CC2CC39E3F00908411 /* CheckCodeView.swift */ = {isa = PBXFileReference; lastKnownFileType = sourcecode.swift; path = CheckCodeView.swift; sourceTree = "<group>"; };
		A25F24D12CC4BB8300908411 /* GetUniversityView.swift */ = {isa = PBXFileReference; lastKnownFileType = sourcecode.swift; path = GetUniversityView.swift; sourceTree = "<group>"; };
		A25F24D32CC4E46800908411 /* CertificationModel.swift */ = {isa = PBXFileReference; lastKnownFileType = sourcecode.swift; path = CertificationModel.swift; sourceTree = "<group>"; };
		A25F24D52CC514F900908411 /* VerifyUniversityView.swift */ = {isa = PBXFileReference; lastKnownFileType = sourcecode.swift; path = VerifyUniversityView.swift; sourceTree = "<group>"; };
		A27AE2A02CB3B8ED005F9A31 /* LockByCodeView.swift */ = {isa = PBXFileReference; lastKnownFileType = sourcecode.swift; path = LockByCodeView.swift; sourceTree = "<group>"; };
		A27AE2A22CB4F9B0005F9A31 /* LockByBioView.swift */ = {isa = PBXFileReference; lastKnownFileType = sourcecode.swift; path = LockByBioView.swift; sourceTree = "<group>"; };
		A27B12BD2CA94BDB004AAF23 /* Wallet.app */ = {isa = PBXFileReference; explicitFileType = wrapper.application; includeInIndex = 0; path = Wallet.app; sourceTree = BUILT_PRODUCTS_DIR; };
		A27B12C02CA94BDB004AAF23 /* WalletApp.swift */ = {isa = PBXFileReference; lastKnownFileType = sourcecode.swift; path = WalletApp.swift; sourceTree = "<group>"; };
		A27B12C22CA94BDB004AAF23 /* ContentView.swift */ = {isa = PBXFileReference; lastKnownFileType = sourcecode.swift; path = ContentView.swift; sourceTree = "<group>"; };
		A27B12C42CA94BDC004AAF23 /* Assets.xcassets */ = {isa = PBXFileReference; lastKnownFileType = folder.assetcatalog; path = Assets.xcassets; sourceTree = "<group>"; };
		A27B12C72CA94BDC004AAF23 /* Preview Assets.xcassets */ = {isa = PBXFileReference; lastKnownFileType = folder.assetcatalog; path = "Preview Assets.xcassets"; sourceTree = "<group>"; };
		A27B12CD2CA94BDC004AAF23 /* WalletTests.xctest */ = {isa = PBXFileReference; explicitFileType = wrapper.cfbundle; includeInIndex = 0; path = WalletTests.xctest; sourceTree = BUILT_PRODUCTS_DIR; };
		A27B12D12CA94BDC004AAF23 /* WalletTests.swift */ = {isa = PBXFileReference; lastKnownFileType = sourcecode.swift; path = WalletTests.swift; sourceTree = "<group>"; };
		A27B12D72CA94BDC004AAF23 /* WalletUITests.xctest */ = {isa = PBXFileReference; explicitFileType = wrapper.cfbundle; includeInIndex = 0; path = WalletUITests.xctest; sourceTree = BUILT_PRODUCTS_DIR; };
		A27B12DB2CA94BDC004AAF23 /* WalletUITests.swift */ = {isa = PBXFileReference; lastKnownFileType = sourcecode.swift; path = WalletUITests.swift; sourceTree = "<group>"; };
		A27B12DD2CA94BDC004AAF23 /* WalletUITestsLaunchTests.swift */ = {isa = PBXFileReference; lastKnownFileType = sourcecode.swift; path = WalletUITestsLaunchTests.swift; sourceTree = "<group>"; };
		A27B12EA2CA95265004AAF23 /* OnboardingView.swift */ = {isa = PBXFileReference; lastKnownFileType = sourcecode.swift; path = OnboardingView.swift; sourceTree = "<group>"; };
		A27B12F22CA9C4D8004AAF23 /* Info.plist */ = {isa = PBXFileReference; lastKnownFileType = text.plist; path = Info.plist; sourceTree = "<group>"; };
		A27B12F72CA9C696004AAF23 /* KnuTruth.otf */ = {isa = PBXFileReference; lastKnownFileType = file; path = KnuTruth.otf; sourceTree = "<group>"; };
		A27B13082CB0E721004AAF23 /* HistoryListView.swift */ = {isa = PBXFileReference; lastKnownFileType = sourcecode.swift; path = HistoryListView.swift; sourceTree = "<group>"; };
/* End PBXFileReference section */

/* Begin PBXFrameworksBuildPhase section */
		A27B12BA2CA94BDB004AAF23 /* Frameworks */ = {
			isa = PBXFrameworksBuildPhase;
			buildActionMask = 2147483647;
			files = (
				A25F24B92CBE701900908411 /* KakaoSDKFriendCore in Frameworks */,
				A25F24B32CBE701900908411 /* KakaoSDKCertCore in Frameworks */,
				A25F24B12CBE701900908411 /* KakaoSDKCert in Frameworks */,
				A25F24C12CBE701900908411 /* KakaoSDKTemplate in Frameworks */,
				A25F24BB2CBE701900908411 /* KakaoSDKNavi in Frameworks */,
				A25F24AD2CBE701900908411 /* KakaoSDK in Frameworks */,
				A25F24B52CBE701900908411 /* KakaoSDKCommon in Frameworks */,
				A25F24AF2CBE701900908411 /* KakaoSDKAuth in Frameworks */,
				A25F24C32CBE701900908411 /* KakaoSDKUser in Frameworks */,
				A25F24BF2CBE701900908411 /* KakaoSDKTalk in Frameworks */,
				A25F24B72CBE701900908411 /* KakaoSDKFriend in Frameworks */,
				A25F24BD2CBE701900908411 /* KakaoSDKShare in Frameworks */,
			);
			runOnlyForDeploymentPostprocessing = 0;
		};
		A27B12CA2CA94BDC004AAF23 /* Frameworks */ = {
			isa = PBXFrameworksBuildPhase;
			buildActionMask = 2147483647;
			files = (
			);
			runOnlyForDeploymentPostprocessing = 0;
		};
		A27B12D42CA94BDC004AAF23 /* Frameworks */ = {
			isa = PBXFrameworksBuildPhase;
			buildActionMask = 2147483647;
			files = (
			);
			runOnlyForDeploymentPostprocessing = 0;
		};
/* End PBXFrameworksBuildPhase section */

/* Begin PBXGroup section */
		A27B12B42CA94BDB004AAF23 = {
			isa = PBXGroup;
			children = (
				A25F24C42CBE704500908411 /* KakaoSDKFriendResources.bundle */,
				A27B12BF2CA94BDB004AAF23 /* Wallet */,
				A27B12D02CA94BDC004AAF23 /* WalletTests */,
				A27B12BE2CA94BDB004AAF23 /* Products */,
			);
			sourceTree = "<group>";
		};
		A27B12BE2CA94BDB004AAF23 /* Products */ = {
			isa = PBXGroup;
			children = (
				A27B12BD2CA94BDB004AAF23 /* Wallet.app */,
				A27B12CD2CA94BDC004AAF23 /* WalletTests.xctest */,
				A27B12D72CA94BDC004AAF23 /* WalletUITests.xctest */,
			);
			name = Products;
			sourceTree = "<group>";
		};
		A27B12BF2CA94BDB004AAF23 /* Wallet */ = {
			isa = PBXGroup;
			children = (
				A27B12F22CA9C4D8004AAF23 /* Info.plist */,
				A27B12EC2CA9C365004AAF23 /* Resources */,
				A27B12C02CA94BDB004AAF23 /* WalletApp.swift */,
				A27B12EA2CA95265004AAF23 /* OnboardingView.swift */,
				A27AE2A02CB3B8ED005F9A31 /* LockByCodeView.swift */,
				A27AE2A22CB4F9B0005F9A31 /* LockByBioView.swift */,
				A25F24C82CC162E000908411 /* GenerateKeyPair.swift */,
				A25F24C62CC14DB300908411 /* CreateWalletView.swift */,
				A25F24D12CC4BB8300908411 /* GetUniversityView.swift */,
				A25F24D52CC514F900908411 /* VerifyUniversityView.swift */,
				A27B12C22CA94BDB004AAF23 /* ContentView.swift */,
				A27B13082CB0E721004AAF23 /* HistoryListView.swift */,
				A25C92FB2CB7E2E80015C068 /* AddCertificationView.swift */,
				A25F24CA2CC37D0000908411 /* AddCertificateModalView.swift */,
				A25F24D32CC4E46800908411 /* CertificationModel.swift */,
				A25F24CC2CC39E3F00908411 /* CheckCodeView.swift */,
				A27B12C42CA94BDC004AAF23 /* Assets.xcassets */,
				A27B12DA2CA94BDC004AAF23 /* WalletUITests */,
				A27B12C62CA94BDC004AAF23 /* Preview Content */,
			);
			path = Wallet;
			sourceTree = "<group>";
		};
		A27B12C62CA94BDC004AAF23 /* Preview Content */ = {
			isa = PBXGroup;
			children = (
				A27B12C72CA94BDC004AAF23 /* Preview Assets.xcassets */,
			);
			path = "Preview Content";
			sourceTree = "<group>";
		};
		A27B12D02CA94BDC004AAF23 /* WalletTests */ = {
			isa = PBXGroup;
			children = (
				A27B12D12CA94BDC004AAF23 /* WalletTests.swift */,
			);
			path = WalletTests;
			sourceTree = "<group>";
		};
		A27B12DA2CA94BDC004AAF23 /* WalletUITests */ = {
			isa = PBXGroup;
			children = (
				A27B12DB2CA94BDC004AAF23 /* WalletUITests.swift */,
				A27B12DD2CA94BDC004AAF23 /* WalletUITestsLaunchTests.swift */,
			);
			path = WalletUITests;
			sourceTree = "<group>";
		};
		A27B12EC2CA9C365004AAF23 /* Resources */ = {
			isa = PBXGroup;
			children = (
				A27B12ED2CA9C371004AAF23 /* Fonts */,
			);
			path = Resources;
			sourceTree = "<group>";
		};
		A27B12ED2CA9C371004AAF23 /* Fonts */ = {
			isa = PBXGroup;
			children = (
				A27B12F72CA9C696004AAF23 /* KnuTruth.otf */,
			);
			path = Fonts;
			sourceTree = "<group>";
		};
/* End PBXGroup section */

/* Begin PBXNativeTarget section */
		A27B12BC2CA94BDB004AAF23 /* Wallet */ = {
			isa = PBXNativeTarget;
			buildConfigurationList = A27B12E12CA94BDC004AAF23 /* Build configuration list for PBXNativeTarget "Wallet" */;
			buildPhases = (
				A27B12B92CA94BDB004AAF23 /* Sources */,
				A27B12BA2CA94BDB004AAF23 /* Frameworks */,
				A27B12BB2CA94BDB004AAF23 /* Resources */,
			);
			buildRules = (
			);
			dependencies = (
			);
			name = Wallet;
			packageProductDependencies = (
				A25F24AC2CBE701900908411 /* KakaoSDK */,
				A25F24AE2CBE701900908411 /* KakaoSDKAuth */,
				A25F24B02CBE701900908411 /* KakaoSDKCert */,
				A25F24B22CBE701900908411 /* KakaoSDKCertCore */,
				A25F24B42CBE701900908411 /* KakaoSDKCommon */,
				A25F24B62CBE701900908411 /* KakaoSDKFriend */,
				A25F24B82CBE701900908411 /* KakaoSDKFriendCore */,
				A25F24BA2CBE701900908411 /* KakaoSDKNavi */,
				A25F24BC2CBE701900908411 /* KakaoSDKShare */,
				A25F24BE2CBE701900908411 /* KakaoSDKTalk */,
				A25F24C02CBE701900908411 /* KakaoSDKTemplate */,
				A25F24C22CBE701900908411 /* KakaoSDKUser */,
			);
			productName = Wallet;
			productReference = A27B12BD2CA94BDB004AAF23 /* Wallet.app */;
			productType = "com.apple.product-type.application";
		};
		A27B12CC2CA94BDC004AAF23 /* WalletTests */ = {
			isa = PBXNativeTarget;
			buildConfigurationList = A27B12E42CA94BDC004AAF23 /* Build configuration list for PBXNativeTarget "WalletTests" */;
			buildPhases = (
				A27B12C92CA94BDC004AAF23 /* Sources */,
				A27B12CA2CA94BDC004AAF23 /* Frameworks */,
				A27B12CB2CA94BDC004AAF23 /* Resources */,
			);
			buildRules = (
			);
			dependencies = (
				A27B12CF2CA94BDC004AAF23 /* PBXTargetDependency */,
			);
			name = WalletTests;
			productName = WalletTests;
			productReference = A27B12CD2CA94BDC004AAF23 /* WalletTests.xctest */;
			productType = "com.apple.product-type.bundle.unit-test";
		};
		A27B12D62CA94BDC004AAF23 /* WalletUITests */ = {
			isa = PBXNativeTarget;
			buildConfigurationList = A27B12E72CA94BDC004AAF23 /* Build configuration list for PBXNativeTarget "WalletUITests" */;
			buildPhases = (
				A27B12D32CA94BDC004AAF23 /* Sources */,
				A27B12D42CA94BDC004AAF23 /* Frameworks */,
				A27B12D52CA94BDC004AAF23 /* Resources */,
			);
			buildRules = (
			);
			dependencies = (
				A27B12D92CA94BDC004AAF23 /* PBXTargetDependency */,
			);
			name = WalletUITests;
			productName = WalletUITests;
			productReference = A27B12D72CA94BDC004AAF23 /* WalletUITests.xctest */;
			productType = "com.apple.product-type.bundle.ui-testing";
		};
/* End PBXNativeTarget section */

/* Begin PBXProject section */
		A27B12B52CA94BDB004AAF23 /* Project object */ = {
			isa = PBXProject;
			attributes = {
				BuildIndependentTargetsInParallel = 1;
				LastSwiftUpdateCheck = 1540;
				LastUpgradeCheck = 1540;
				TargetAttributes = {
					A27B12BC2CA94BDB004AAF23 = {
						CreatedOnToolsVersion = 15.4;
					};
					A27B12CC2CA94BDC004AAF23 = {
						CreatedOnToolsVersion = 15.4;
						TestTargetID = A27B12BC2CA94BDB004AAF23;
					};
					A27B12D62CA94BDC004AAF23 = {
						CreatedOnToolsVersion = 15.4;
						TestTargetID = A27B12BC2CA94BDB004AAF23;
					};
				};
			};
			buildConfigurationList = A27B12B82CA94BDB004AAF23 /* Build configuration list for PBXProject "Wallet" */;
			compatibilityVersion = "Xcode 14.0";
			developmentRegion = en;
			hasScannedForEncodings = 0;
			knownRegions = (
				en,
				Base,
			);
			mainGroup = A27B12B42CA94BDB004AAF23;
			packageReferences = (
				A25F24AB2CBE701900908411 /* XCRemoteSwiftPackageReference "kakao-ios-sdk" */,
			);
			productRefGroup = A27B12BE2CA94BDB004AAF23 /* Products */;
			projectDirPath = "";
			projectRoot = "";
			targets = (
				A27B12BC2CA94BDB004AAF23 /* Wallet */,
				A27B12CC2CA94BDC004AAF23 /* WalletTests */,
				A27B12D62CA94BDC004AAF23 /* WalletUITests */,
			);
		};
/* End PBXProject section */

/* Begin PBXResourcesBuildPhase section */
		A27B12BB2CA94BDB004AAF23 /* Resources */ = {
			isa = PBXResourcesBuildPhase;
			buildActionMask = 2147483647;
			files = (
				A25F24C52CBE704500908411 /* KakaoSDKFriendResources.bundle in Resources */,
				A27B12C82CA94BDC004AAF23 /* Preview Assets.xcassets in Resources */,
				A27B12C52CA94BDC004AAF23 /* Assets.xcassets in Resources */,
				A27B12F82CA9C696004AAF23 /* KnuTruth.otf in Resources */,
			);
			runOnlyForDeploymentPostprocessing = 0;
		};
		A27B12CB2CA94BDC004AAF23 /* Resources */ = {
			isa = PBXResourcesBuildPhase;
			buildActionMask = 2147483647;
			files = (
				A27B12F92CA9C696004AAF23 /* KnuTruth.otf in Resources */,
			);
			runOnlyForDeploymentPostprocessing = 0;
		};
		A27B12D52CA94BDC004AAF23 /* Resources */ = {
			isa = PBXResourcesBuildPhase;
			buildActionMask = 2147483647;
			files = (
				A27B12FA2CA9C696004AAF23 /* KnuTruth.otf in Resources */,
			);
			runOnlyForDeploymentPostprocessing = 0;
		};
/* End PBXResourcesBuildPhase section */

/* Begin PBXSourcesBuildPhase section */
		A27B12B92CA94BDB004AAF23 /* Sources */ = {
			isa = PBXSourcesBuildPhase;
			buildActionMask = 2147483647;
			files = (
				A25F24C72CC14DB300908411 /* CreateWalletView.swift in Sources */,
				A27B13092CB0E721004AAF23 /* HistoryListView.swift in Sources */,
				A27B12EB2CA95265004AAF23 /* OnboardingView.swift in Sources */,
				A27B12C32CA94BDB004AAF23 /* ContentView.swift in Sources */,
				A27B12C12CA94BDB004AAF23 /* WalletApp.swift in Sources */,
				A25F24D42CC4E46800908411 /* CertificationModel.swift in Sources */,
				A25F24D22CC4BB8300908411 /* GetUniversityView.swift in Sources */,
				A25F24CD2CC39E3F00908411 /* CheckCodeView.swift in Sources */,
				A25F24CB2CC37D0000908411 /* AddCertificateModalView.swift in Sources */,
				A25F24D62CC514F900908411 /* VerifyUniversityView.swift in Sources */,
				A25F24C92CC162E000908411 /* GenerateKeyPair.swift in Sources */,
				A25C92FC2CB7E2E80015C068 /* AddCertificationView.swift in Sources */,
				A27AE2A32CB4F9B0005F9A31 /* LockByBioView.swift in Sources */,
				A27AE2A12CB3B8ED005F9A31 /* LockByCodeView.swift in Sources */,
			);
			runOnlyForDeploymentPostprocessing = 0;
		};
		A27B12C92CA94BDC004AAF23 /* Sources */ = {
			isa = PBXSourcesBuildPhase;
			buildActionMask = 2147483647;
			files = (
				A27B12D22CA94BDC004AAF23 /* WalletTests.swift in Sources */,
				A27B130A2CB0E721004AAF23 /* HistoryListView.swift in Sources */,
			);
			runOnlyForDeploymentPostprocessing = 0;
		};
		A27B12D32CA94BDC004AAF23 /* Sources */ = {
			isa = PBXSourcesBuildPhase;
			buildActionMask = 2147483647;
			files = (
				A27B130B2CB0E721004AAF23 /* HistoryListView.swift in Sources */,
				A27B12DC2CA94BDC004AAF23 /* WalletUITests.swift in Sources */,
				A27B12DE2CA94BDC004AAF23 /* WalletUITestsLaunchTests.swift in Sources */,
			);
			runOnlyForDeploymentPostprocessing = 0;
		};
/* End PBXSourcesBuildPhase section */

/* Begin PBXTargetDependency section */
		A27B12CF2CA94BDC004AAF23 /* PBXTargetDependency */ = {
			isa = PBXTargetDependency;
			target = A27B12BC2CA94BDB004AAF23 /* Wallet */;
			targetProxy = A27B12CE2CA94BDC004AAF23 /* PBXContainerItemProxy */;
		};
		A27B12D92CA94BDC004AAF23 /* PBXTargetDependency */ = {
			isa = PBXTargetDependency;
			target = A27B12BC2CA94BDB004AAF23 /* Wallet */;
			targetProxy = A27B12D82CA94BDC004AAF23 /* PBXContainerItemProxy */;
		};
/* End PBXTargetDependency section */

/* Begin XCBuildConfiguration section */
		A27B12DF2CA94BDC004AAF23 /* Debug */ = {
			isa = XCBuildConfiguration;
			buildSettings = {
				ALWAYS_SEARCH_USER_PATHS = NO;
				ASSETCATALOG_COMPILER_GENERATE_SWIFT_ASSET_SYMBOL_EXTENSIONS = YES;
				CLANG_ANALYZER_NONNULL = YES;
				CLANG_ANALYZER_NUMBER_OBJECT_CONVERSION = YES_AGGRESSIVE;
				CLANG_CXX_LANGUAGE_STANDARD = "gnu++20";
				CLANG_ENABLE_MODULES = YES;
				CLANG_ENABLE_OBJC_ARC = YES;
				CLANG_ENABLE_OBJC_WEAK = YES;
				CLANG_WARN_BLOCK_CAPTURE_AUTORELEASING = YES;
				CLANG_WARN_BOOL_CONVERSION = YES;
				CLANG_WARN_COMMA = YES;
				CLANG_WARN_CONSTANT_CONVERSION = YES;
				CLANG_WARN_DEPRECATED_OBJC_IMPLEMENTATIONS = YES;
				CLANG_WARN_DIRECT_OBJC_ISA_USAGE = YES_ERROR;
				CLANG_WARN_DOCUMENTATION_COMMENTS = YES;
				CLANG_WARN_EMPTY_BODY = YES;
				CLANG_WARN_ENUM_CONVERSION = YES;
				CLANG_WARN_INFINITE_RECURSION = YES;
				CLANG_WARN_INT_CONVERSION = YES;
				CLANG_WARN_NON_LITERAL_NULL_CONVERSION = YES;
				CLANG_WARN_OBJC_IMPLICIT_RETAIN_SELF = YES;
				CLANG_WARN_OBJC_LITERAL_CONVERSION = YES;
				CLANG_WARN_OBJC_ROOT_CLASS = YES_ERROR;
				CLANG_WARN_QUOTED_INCLUDE_IN_FRAMEWORK_HEADER = YES;
				CLANG_WARN_RANGE_LOOP_ANALYSIS = YES;
				CLANG_WARN_STRICT_PROTOTYPES = YES;
				CLANG_WARN_SUSPICIOUS_MOVE = YES;
				CLANG_WARN_UNGUARDED_AVAILABILITY = YES_AGGRESSIVE;
				CLANG_WARN_UNREACHABLE_CODE = YES;
				CLANG_WARN__DUPLICATE_METHOD_MATCH = YES;
				COPY_PHASE_STRIP = NO;
				DEBUG_INFORMATION_FORMAT = dwarf;
				ENABLE_STRICT_OBJC_MSGSEND = YES;
				ENABLE_TESTABILITY = YES;
				ENABLE_USER_SCRIPT_SANDBOXING = YES;
				GCC_C_LANGUAGE_STANDARD = gnu17;
				GCC_DYNAMIC_NO_PIC = NO;
				GCC_NO_COMMON_BLOCKS = YES;
				GCC_OPTIMIZATION_LEVEL = 0;
				GCC_PREPROCESSOR_DEFINITIONS = (
					"DEBUG=1",
					"$(inherited)",
				);
				GCC_WARN_64_TO_32_BIT_CONVERSION = YES;
				GCC_WARN_ABOUT_RETURN_TYPE = YES_ERROR;
				GCC_WARN_UNDECLARED_SELECTOR = YES;
				GCC_WARN_UNINITIALIZED_AUTOS = YES_AGGRESSIVE;
				GCC_WARN_UNUSED_FUNCTION = YES;
				GCC_WARN_UNUSED_VARIABLE = YES;
				IPHONEOS_DEPLOYMENT_TARGET = 17.5;
				LOCALIZATION_PREFERS_STRING_CATALOGS = YES;
				MTL_ENABLE_DEBUG_INFO = INCLUDE_SOURCE;
				MTL_FAST_MATH = YES;
				ONLY_ACTIVE_ARCH = YES;
				SDKROOT = iphoneos;
				SWIFT_ACTIVE_COMPILATION_CONDITIONS = "DEBUG $(inherited)";
				SWIFT_OPTIMIZATION_LEVEL = "-Onone";
			};
			name = Debug;
		};
		A27B12E02CA94BDC004AAF23 /* Release */ = {
			isa = XCBuildConfiguration;
			buildSettings = {
				ALWAYS_SEARCH_USER_PATHS = NO;
				ASSETCATALOG_COMPILER_GENERATE_SWIFT_ASSET_SYMBOL_EXTENSIONS = YES;
				CLANG_ANALYZER_NONNULL = YES;
				CLANG_ANALYZER_NUMBER_OBJECT_CONVERSION = YES_AGGRESSIVE;
				CLANG_CXX_LANGUAGE_STANDARD = "gnu++20";
				CLANG_ENABLE_MODULES = YES;
				CLANG_ENABLE_OBJC_ARC = YES;
				CLANG_ENABLE_OBJC_WEAK = YES;
				CLANG_WARN_BLOCK_CAPTURE_AUTORELEASING = YES;
				CLANG_WARN_BOOL_CONVERSION = YES;
				CLANG_WARN_COMMA = YES;
				CLANG_WARN_CONSTANT_CONVERSION = YES;
				CLANG_WARN_DEPRECATED_OBJC_IMPLEMENTATIONS = YES;
				CLANG_WARN_DIRECT_OBJC_ISA_USAGE = YES_ERROR;
				CLANG_WARN_DOCUMENTATION_COMMENTS = YES;
				CLANG_WARN_EMPTY_BODY = YES;
				CLANG_WARN_ENUM_CONVERSION = YES;
				CLANG_WARN_INFINITE_RECURSION = YES;
				CLANG_WARN_INT_CONVERSION = YES;
				CLANG_WARN_NON_LITERAL_NULL_CONVERSION = YES;
				CLANG_WARN_OBJC_IMPLICIT_RETAIN_SELF = YES;
				CLANG_WARN_OBJC_LITERAL_CONVERSION = YES;
				CLANG_WARN_OBJC_ROOT_CLASS = YES_ERROR;
				CLANG_WARN_QUOTED_INCLUDE_IN_FRAMEWORK_HEADER = YES;
				CLANG_WARN_RANGE_LOOP_ANALYSIS = YES;
				CLANG_WARN_STRICT_PROTOTYPES = YES;
				CLANG_WARN_SUSPICIOUS_MOVE = YES;
				CLANG_WARN_UNGUARDED_AVAILABILITY = YES_AGGRESSIVE;
				CLANG_WARN_UNREACHABLE_CODE = YES;
				CLANG_WARN__DUPLICATE_METHOD_MATCH = YES;
				COPY_PHASE_STRIP = NO;
				DEBUG_INFORMATION_FORMAT = "dwarf-with-dsym";
				ENABLE_NS_ASSERTIONS = NO;
				ENABLE_STRICT_OBJC_MSGSEND = YES;
				ENABLE_USER_SCRIPT_SANDBOXING = YES;
				GCC_C_LANGUAGE_STANDARD = gnu17;
				GCC_NO_COMMON_BLOCKS = YES;
				GCC_WARN_64_TO_32_BIT_CONVERSION = YES;
				GCC_WARN_ABOUT_RETURN_TYPE = YES_ERROR;
				GCC_WARN_UNDECLARED_SELECTOR = YES;
				GCC_WARN_UNINITIALIZED_AUTOS = YES_AGGRESSIVE;
				GCC_WARN_UNUSED_FUNCTION = YES;
				GCC_WARN_UNUSED_VARIABLE = YES;
				IPHONEOS_DEPLOYMENT_TARGET = 17.5;
				LOCALIZATION_PREFERS_STRING_CATALOGS = YES;
				MTL_ENABLE_DEBUG_INFO = NO;
				MTL_FAST_MATH = YES;
				SDKROOT = iphoneos;
				SWIFT_COMPILATION_MODE = wholemodule;
				VALIDATE_PRODUCT = YES;
			};
			name = Release;
		};
		A27B12E22CA94BDC004AAF23 /* Debug */ = {
			isa = XCBuildConfiguration;
			buildSettings = {
				ASSETCATALOG_COMPILER_APPICON_NAME = AppIcon;
				ASSETCATALOG_COMPILER_GLOBAL_ACCENT_COLOR_NAME = AccentColor;
				CODE_SIGN_STYLE = Automatic;
				CURRENT_PROJECT_VERSION = 1;
				DEVELOPMENT_ASSET_PATHS = "\"Wallet/Preview Content\"";
				DEVELOPMENT_TEAM = S24WM5LHHM;
				ENABLE_PREVIEWS = YES;
				GENERATE_INFOPLIST_FILE = YES;
				INFOPLIST_FILE = Wallet/Info.plist;
				INFOPLIST_KEY_LSApplicationCategoryType = "";
				INFOPLIST_KEY_NSFaceIDUsageDescription = "";
				INFOPLIST_KEY_NSFileProviderDomainUsageDescription = "";
				INFOPLIST_KEY_UIApplicationSceneManifest_Generation = YES;
				INFOPLIST_KEY_UIApplicationSupportsIndirectInputEvents = YES;
				INFOPLIST_KEY_UILaunchScreen_Generation = YES;
				INFOPLIST_KEY_UISupportedInterfaceOrientations_iPad = "UIInterfaceOrientationPortrait UIInterfaceOrientationPortraitUpsideDown UIInterfaceOrientationLandscapeLeft UIInterfaceOrientationLandscapeRight";
				INFOPLIST_KEY_UISupportedInterfaceOrientations_iPhone = "UIInterfaceOrientationPortrait UIInterfaceOrientationLandscapeLeft UIInterfaceOrientationLandscapeRight";
				LD_RUNPATH_SEARCH_PATHS = (
					"$(inherited)",
					"@executable_path/Frameworks",
				);
				MARKETING_VERSION = 1.0;
				PRODUCT_BUNDLE_IDENTIFIER = knu.cool.Wallet;
				PRODUCT_NAME = "$(TARGET_NAME)";
				SWIFT_EMIT_LOC_STRINGS = YES;
				SWIFT_VERSION = 5.0;
				TARGETED_DEVICE_FAMILY = "1,2";
			};
			name = Debug;
		};
		A27B12E32CA94BDC004AAF23 /* Release */ = {
			isa = XCBuildConfiguration;
			buildSettings = {
				ASSETCATALOG_COMPILER_APPICON_NAME = AppIcon;
				ASSETCATALOG_COMPILER_GLOBAL_ACCENT_COLOR_NAME = AccentColor;
				CODE_SIGN_STYLE = Automatic;
				CURRENT_PROJECT_VERSION = 1;
				DEVELOPMENT_ASSET_PATHS = "\"Wallet/Preview Content\"";
				DEVELOPMENT_TEAM = S24WM5LHHM;
				ENABLE_PREVIEWS = YES;
				GENERATE_INFOPLIST_FILE = YES;
				INFOPLIST_FILE = Wallet/Info.plist;
				INFOPLIST_KEY_LSApplicationCategoryType = "";
				INFOPLIST_KEY_NSFaceIDUsageDescription = "";
				INFOPLIST_KEY_NSFileProviderDomainUsageDescription = "";
				INFOPLIST_KEY_UIApplicationSceneManifest_Generation = YES;
				INFOPLIST_KEY_UIApplicationSupportsIndirectInputEvents = YES;
				INFOPLIST_KEY_UILaunchScreen_Generation = YES;
				INFOPLIST_KEY_UISupportedInterfaceOrientations_iPad = "UIInterfaceOrientationPortrait UIInterfaceOrientationPortraitUpsideDown UIInterfaceOrientationLandscapeLeft UIInterfaceOrientationLandscapeRight";
				INFOPLIST_KEY_UISupportedInterfaceOrientations_iPhone = "UIInterfaceOrientationPortrait UIInterfaceOrientationLandscapeLeft UIInterfaceOrientationLandscapeRight";
				LD_RUNPATH_SEARCH_PATHS = (
					"$(inherited)",
					"@executable_path/Frameworks",
				);
				MARKETING_VERSION = 1.0;
				PRODUCT_BUNDLE_IDENTIFIER = knu.cool.Wallet;
				PRODUCT_NAME = "$(TARGET_NAME)";
				SWIFT_EMIT_LOC_STRINGS = YES;
				SWIFT_VERSION = 5.0;
				TARGETED_DEVICE_FAMILY = "1,2";
			};
			name = Release;
		};
		A27B12E52CA94BDC004AAF23 /* Debug */ = {
			isa = XCBuildConfiguration;
			buildSettings = {
				ALWAYS_EMBED_SWIFT_STANDARD_LIBRARIES = YES;
				BUNDLE_LOADER = "$(TEST_HOST)";
				CODE_SIGN_STYLE = Automatic;
				CURRENT_PROJECT_VERSION = 1;
				GENERATE_INFOPLIST_FILE = YES;
				IPHONEOS_DEPLOYMENT_TARGET = 17.5;
				MARKETING_VERSION = 1.0;
				PRODUCT_BUNDLE_IDENTIFIER = knu.cool.WalletTests;
				PRODUCT_NAME = "$(TARGET_NAME)";
				SWIFT_EMIT_LOC_STRINGS = NO;
				SWIFT_VERSION = 5.0;
				TARGETED_DEVICE_FAMILY = "1,2";
				TEST_HOST = "$(BUILT_PRODUCTS_DIR)/Wallet.app/$(BUNDLE_EXECUTABLE_FOLDER_PATH)/Wallet";
			};
			name = Debug;
		};
		A27B12E62CA94BDC004AAF23 /* Release */ = {
			isa = XCBuildConfiguration;
			buildSettings = {
				ALWAYS_EMBED_SWIFT_STANDARD_LIBRARIES = YES;
				BUNDLE_LOADER = "$(TEST_HOST)";
				CODE_SIGN_STYLE = Automatic;
				CURRENT_PROJECT_VERSION = 1;
				GENERATE_INFOPLIST_FILE = YES;
				IPHONEOS_DEPLOYMENT_TARGET = 17.5;
				MARKETING_VERSION = 1.0;
				PRODUCT_BUNDLE_IDENTIFIER = knu.cool.WalletTests;
				PRODUCT_NAME = "$(TARGET_NAME)";
				SWIFT_EMIT_LOC_STRINGS = NO;
				SWIFT_VERSION = 5.0;
				TARGETED_DEVICE_FAMILY = "1,2";
				TEST_HOST = "$(BUILT_PRODUCTS_DIR)/Wallet.app/$(BUNDLE_EXECUTABLE_FOLDER_PATH)/Wallet";
			};
			name = Release;
		};
		A27B12E82CA94BDC004AAF23 /* Debug */ = {
			isa = XCBuildConfiguration;
			buildSettings = {
				ALWAYS_EMBED_SWIFT_STANDARD_LIBRARIES = YES;
				CODE_SIGN_STYLE = Automatic;
				CURRENT_PROJECT_VERSION = 1;
				GENERATE_INFOPLIST_FILE = YES;
				MARKETING_VERSION = 1.0;
				PRODUCT_BUNDLE_IDENTIFIER = knu.cool.WalletUITests;
				PRODUCT_NAME = "$(TARGET_NAME)";
				SWIFT_EMIT_LOC_STRINGS = NO;
				SWIFT_VERSION = 5.0;
				TARGETED_DEVICE_FAMILY = "1,2";
				TEST_TARGET_NAME = Wallet;
			};
			name = Debug;
		};
		A27B12E92CA94BDC004AAF23 /* Release */ = {
			isa = XCBuildConfiguration;
			buildSettings = {
				ALWAYS_EMBED_SWIFT_STANDARD_LIBRARIES = YES;
				CODE_SIGN_STYLE = Automatic;
				CURRENT_PROJECT_VERSION = 1;
				GENERATE_INFOPLIST_FILE = YES;
				MARKETING_VERSION = 1.0;
				PRODUCT_BUNDLE_IDENTIFIER = knu.cool.WalletUITests;
				PRODUCT_NAME = "$(TARGET_NAME)";
				SWIFT_EMIT_LOC_STRINGS = NO;
				SWIFT_VERSION = 5.0;
				TARGETED_DEVICE_FAMILY = "1,2";
				TEST_TARGET_NAME = Wallet;
			};
			name = Release;
		};
/* End XCBuildConfiguration section */

/* Begin XCConfigurationList section */
		A27B12B82CA94BDB004AAF23 /* Build configuration list for PBXProject "Wallet" */ = {
			isa = XCConfigurationList;
			buildConfigurations = (
				A27B12DF2CA94BDC004AAF23 /* Debug */,
				A27B12E02CA94BDC004AAF23 /* Release */,
			);
			defaultConfigurationIsVisible = 0;
			defaultConfigurationName = Release;
		};
		A27B12E12CA94BDC004AAF23 /* Build configuration list for PBXNativeTarget "Wallet" */ = {
			isa = XCConfigurationList;
			buildConfigurations = (
				A27B12E22CA94BDC004AAF23 /* Debug */,
				A27B12E32CA94BDC004AAF23 /* Release */,
			);
			defaultConfigurationIsVisible = 0;
			defaultConfigurationName = Release;
		};
		A27B12E42CA94BDC004AAF23 /* Build configuration list for PBXNativeTarget "WalletTests" */ = {
			isa = XCConfigurationList;
			buildConfigurations = (
				A27B12E52CA94BDC004AAF23 /* Debug */,
				A27B12E62CA94BDC004AAF23 /* Release */,
			);
			defaultConfigurationIsVisible = 0;
			defaultConfigurationName = Release;
		};
		A27B12E72CA94BDC004AAF23 /* Build configuration list for PBXNativeTarget "WalletUITests" */ = {
			isa = XCConfigurationList;
			buildConfigurations = (
				A27B12E82CA94BDC004AAF23 /* Debug */,
				A27B12E92CA94BDC004AAF23 /* Release */,
			);
			defaultConfigurationIsVisible = 0;
			defaultConfigurationName = Release;
		};
/* End XCConfigurationList section */

/* Begin XCRemoteSwiftPackageReference section */
		A25F24AB2CBE701900908411 /* XCRemoteSwiftPackageReference "kakao-ios-sdk" */ = {
			isa = XCRemoteSwiftPackageReference;
			repositoryURL = "https://github.com/kakao/kakao-ios-sdk";
			requirement = {
				branch = master;
				kind = branch;
			};
		};
/* End XCRemoteSwiftPackageReference section */

/* Begin XCSwiftPackageProductDependency section */
		A25F24AC2CBE701900908411 /* KakaoSDK */ = {
			isa = XCSwiftPackageProductDependency;
			package = A25F24AB2CBE701900908411 /* XCRemoteSwiftPackageReference "kakao-ios-sdk" */;
			productName = KakaoSDK;
		};
		A25F24AE2CBE701900908411 /* KakaoSDKAuth */ = {
			isa = XCSwiftPackageProductDependency;
			package = A25F24AB2CBE701900908411 /* XCRemoteSwiftPackageReference "kakao-ios-sdk" */;
			productName = KakaoSDKAuth;
		};
		A25F24B02CBE701900908411 /* KakaoSDKCert */ = {
			isa = XCSwiftPackageProductDependency;
			package = A25F24AB2CBE701900908411 /* XCRemoteSwiftPackageReference "kakao-ios-sdk" */;
			productName = KakaoSDKCert;
		};
		A25F24B22CBE701900908411 /* KakaoSDKCertCore */ = {
			isa = XCSwiftPackageProductDependency;
			package = A25F24AB2CBE701900908411 /* XCRemoteSwiftPackageReference "kakao-ios-sdk" */;
			productName = KakaoSDKCertCore;
		};
		A25F24B42CBE701900908411 /* KakaoSDKCommon */ = {
			isa = XCSwiftPackageProductDependency;
			package = A25F24AB2CBE701900908411 /* XCRemoteSwiftPackageReference "kakao-ios-sdk" */;
			productName = KakaoSDKCommon;
		};
		A25F24B62CBE701900908411 /* KakaoSDKFriend */ = {
			isa = XCSwiftPackageProductDependency;
			package = A25F24AB2CBE701900908411 /* XCRemoteSwiftPackageReference "kakao-ios-sdk" */;
			productName = KakaoSDKFriend;
		};
		A25F24B82CBE701900908411 /* KakaoSDKFriendCore */ = {
			isa = XCSwiftPackageProductDependency;
			package = A25F24AB2CBE701900908411 /* XCRemoteSwiftPackageReference "kakao-ios-sdk" */;
			productName = KakaoSDKFriendCore;
		};
		A25F24BA2CBE701900908411 /* KakaoSDKNavi */ = {
			isa = XCSwiftPackageProductDependency;
			package = A25F24AB2CBE701900908411 /* XCRemoteSwiftPackageReference "kakao-ios-sdk" */;
			productName = KakaoSDKNavi;
		};
		A25F24BC2CBE701900908411 /* KakaoSDKShare */ = {
			isa = XCSwiftPackageProductDependency;
			package = A25F24AB2CBE701900908411 /* XCRemoteSwiftPackageReference "kakao-ios-sdk" */;
			productName = KakaoSDKShare;
		};
		A25F24BE2CBE701900908411 /* KakaoSDKTalk */ = {
			isa = XCSwiftPackageProductDependency;
			package = A25F24AB2CBE701900908411 /* XCRemoteSwiftPackageReference "kakao-ios-sdk" */;
			productName = KakaoSDKTalk;
		};
		A25F24C02CBE701900908411 /* KakaoSDKTemplate */ = {
			isa = XCSwiftPackageProductDependency;
			package = A25F24AB2CBE701900908411 /* XCRemoteSwiftPackageReference "kakao-ios-sdk" */;
			productName = KakaoSDKTemplate;
		};
		A25F24C22CBE701900908411 /* KakaoSDKUser */ = {
			isa = XCSwiftPackageProductDependency;
			package = A25F24AB2CBE701900908411 /* XCRemoteSwiftPackageReference "kakao-ios-sdk" */;
			productName = KakaoSDKUser;
		};
/* End XCSwiftPackageProductDependency section */
	};
	rootObject = A27B12B52CA94BDB004AAF23 /* Project object */;
}
